
Microsoft Visual Studio Solution File, Format Version 12.00
# Visual Studio 14
VisualStudioVersion = 14.0.25420.1
MinimumVisualStudioVersion = 10.0.40219.1
Project("{D954291E-2A0B-460D-934E-DC6B0785DB48}") = "AppTestDrive", "AppTestDrive\AppTestDrive\AppTestDrive.shproj", "{CD786BA8-0DF1-4345-A0B9-5D55E8884958}"
EndProject
Project("{FAE04EC0-301F-11D3-BF4B-00C04F79EFBC}") = "AppTestDrive.Android", "AppTestDrive\AppTestDrive.Android\AppTestDrive.Android.csproj", "{AE5621C2-4C4A-4558-AB9F-B822ED4B50BB}"
EndProject
Project("{FAE04EC0-301F-11D3-BF4B-00C04F79EFBC}") = "AppTestDrive.iOS", "AppTestDrive\AppTestDrive.iOS\AppTestDrive.iOS.csproj", "{31D9A40C-7C63-4C43-87ED-48BCB9C61028}"
EndProject
Global
	GlobalSection(SharedMSBuildProjectFiles) = preSolution
		AppTestDrive\AppTestDrive\AppTestDrive.projitems*{31d9a40c-7c63-4c43-87ed-48bcb9c61028}*SharedItemsImports = 4
		AppTestDrive\AppTestDrive\AppTestDrive.projitems*{ae5621c2-4c4a-4558-ab9f-b822ed4b50bb}*SharedItemsImports = 4
		AppTestDrive\AppTestDrive\AppTestDrive.projitems*{cd786ba8-0df1-4345-a0b9-5d55e8884958}*SharedItemsImports = 13
	EndGlobalSection
	GlobalSection(SolutionConfigurationPlatforms) = preSolution
		Ad-Hoc|Any CPU = Ad-Hoc|Any CPU
		Ad-Hoc|iPhone = Ad-Hoc|iPhone
		Ad-Hoc|iPhoneSimulator = Ad-Hoc|iPhoneSimulator
		AppStore|Any CPU = AppStore|Any CPU
		AppStore|iPhone = AppStore|iPhone
		AppStore|iPhoneSimulator = AppStore|iPhoneSimulator
		Debug|Any CPU = Debug|Any CPU
		Debug|iPhone = Debug|iPhone
		Debug|iPhoneSimulator = Debug|iPhoneSimulator
		Release|Any CPU = Release|Any CPU
		Release|iPhone = Release|iPhone
		Release|iPhoneSimulator = Release|iPhoneSimulator
	EndGlobalSection
	GlobalSection(ProjectConfigurationPlatforms) = postSolution
		{AE5621C2-4C4A-4558-AB9F-B822ED4B50BB}.Ad-Hoc|Any CPU.ActiveCfg = Release|Any CPU
		{AE5621C2-4C4A-4558-AB9F-B822ED4B50BB}.Ad-Hoc|Any CPU.Build.0 = Release|Any CPU
		{AE5621C2-4C4A-4558-AB9F-B822ED4B50BB}.Ad-Hoc|Any CPU.Deploy.0 = Release|Any CPU
		{AE5621C2-4C4A-4558-AB9F-B822ED4B50BB}.Ad-Hoc|iPhone.ActiveCfg = Release|Any CPU
		{AE5621C2-4C4A-4558-AB9F-B822ED4B50BB}.Ad-Hoc|iPhone.Build.0 = Release|Any CPU
		{AE5621C2-4C4A-4558-AB9F-B822ED4B50BB}.Ad-Hoc|iPhone.Deploy.0 = Release|Any CPU
		{AE5621C2-4C4A-4558-AB9F-B822ED4B50BB}.Ad-Hoc|iPhoneSimulator.ActiveCfg = Release|Any CPU
		{AE5621C2-4C4A-4558-AB9F-B822ED4B50BB}.Ad-Hoc|iPhoneSimulator.Build.0 = Release|Any CPU
		{AE5621C2-4C4A-4558-AB9F-B822ED4B50BB}.Ad-Hoc|iPhoneSimulator.Deploy.0 = Release|Any CPU
		{AE5621C2-4C4A-4558-AB9F-B822ED4B50BB}.AppStore|Any CPU.ActiveCfg = Release|Any CPU
		{AE5621C2-4C4A-4558-AB9F-B822ED4B50BB}.AppStore|Any CPU.Build.0 = Release|Any CPU
		{AE5621C2-4C4A-4558-AB9F-B822ED4B50BB}.AppStore|Any CPU.Deploy.0 = Release|Any CPU
		{AE5621C2-4C4A-4558-AB9F-B822ED4B50BB}.AppStore|iPhone.ActiveCfg = Release|Any CPU
		{AE5621C2-4C4A-4558-AB9F-B822ED4B50BB}.AppStore|iPhone.Build.0 = Release|Any CPU
		{AE5621C2-4C4A-4558-AB9F-B822ED4B50BB}.AppStore|iPhone.Deploy.0 = Release|Any CPU
		{AE5621C2-4C4A-4558-AB9F-B822ED4B50BB}.AppStore|iPhoneSimulator.ActiveCfg = Release|Any CPU
		{AE5621C2-4C4A-4558-AB9F-B822ED4B50BB}.AppStore|iPhoneSimulator.Build.0 = Release|Any CPU
		{AE5621C2-4C4A-4558-AB9F-B822ED4B50BB}.AppStore|iPhoneSimulator.Deploy.0 = Release|Any CPU
		{AE5621C2-4C4A-4558-AB9F-B822ED4B50BB}.Debug|Any CPU.ActiveCfg = Debug|Any CPU
		{AE5621C2-4C4A-4558-AB9F-B822ED4B50BB}.Debug|Any CPU.Build.0 = Debug|Any CPU
		{AE5621C2-4C4A-4558-AB9F-B822ED4B50BB}.Debug|Any CPU.Deploy.0 = Debug|Any CPU
		{AE5621C2-4C4A-4558-AB9F-B822ED4B50BB}.Debug|iPhone.ActiveCfg = Debug|Any CPU
		{AE5621C2-4C4A-4558-AB9F-B822ED4B50BB}.Debug|iPhone.Build.0 = Debug|Any CPU
		{AE5621C2-4C4A-4558-AB9F-B822ED4B50BB}.Debug|iPhone.Deploy.0 = Debug|Any CPU
		{AE5621C2-4C4A-4558-AB9F-B822ED4B50BB}.Debug|iPhoneSimulator.ActiveCfg = Debug|Any CPU
		{AE5621C2-4C4A-4558-AB9F-B822ED4B50BB}.Debug|iPhoneSimulator.Build.0 = Debug|Any CPU
		{AE5621C2-4C4A-4558-AB9F-B822ED4B50BB}.Debug|iPhoneSimulator.Deploy.0 = Debug|Any CPU
		{AE5621C2-4C4A-4558-AB9F-B822ED4B50BB}.Release|Any CPU.ActiveCfg = Release|Any CPU
		{AE5621C2-4C4A-4558-AB9F-B822ED4B50BB}.Release|Any CPU.Build.0 = Release|Any CPU
		{AE5621C2-4C4A-4558-AB9F-B822ED4B50BB}.Release|Any CPU.Deploy.0 = Release|Any CPU
		{AE5621C2-4C4A-4558-AB9F-B822ED4B50BB}.Release|iPhone.ActiveCfg = Release|Any CPU
		{AE5621C2-4C4A-4558-AB9F-B822ED4B50BB}.Release|iPhone.Build.0 = Release|Any CPU
		{AE5621C2-4C4A-4558-AB9F-B822ED4B50BB}.Release|iPhone.Deploy.0 = Release|Any CPU
		{AE5621C2-4C4A-4558-AB9F-B822ED4B50BB}.Release|iPhoneSimulator.ActiveCfg = Release|Any CPU
		{AE5621C2-4C4A-4558-AB9F-B822ED4B50BB}.Release|iPhoneSimulator.Build.0 = Release|Any CPU
		{AE5621C2-4C4A-4558-AB9F-B822ED4B50BB}.Release|iPhoneSimulator.Deploy.0 = Release|Any CPU
		{31D9A40C-7C63-4C43-87ED-48BCB9C61028}.Ad-Hoc|Any CPU.ActiveCfg = Ad-Hoc|iPhone
		{31D9A40C-7C63-4C43-87ED-48BCB9C61028}.Ad-Hoc|iPhone.ActiveCfg = Ad-Hoc|iPhone
		{31D9A40C-7C63-4C43-87ED-48BCB9C61028}.Ad-Hoc|iPhone.Build.0 = Ad-Hoc|iPhone
		{31D9A40C-7C63-4C43-87ED-48BCB9C61028}.Ad-Hoc|iPhoneSimulator.ActiveCfg = Ad-Hoc|iPhoneSimulator
		{31D9A40C-7C63-4C43-87ED-48BCB9C61028}.Ad-Hoc|iPhoneSimulator.Build.0 = Ad-Hoc|iPhoneSimulator
		{31D9A40C-7C63-4C43-87ED-48BCB9C61028}.AppStore|Any CPU.ActiveCfg = AppStore|iPhone
		{31D9A40C-7C63-4C43-87ED-48BCB9C61028}.AppStore|iPhone.ActiveCfg = AppStore|iPhone
		{31D9A40C-7C63-4C43-87ED-48BCB9C61028}.AppStore|iPhone.Build.0 = AppStore|iPhone
		{31D9A40C-7C63-4C43-87ED-48BCB9C61028}.AppStore|iPhoneSimulator.ActiveCfg = AppStore|iPhoneSimulator
		{31D9A40C-7C63-4C43-87ED-48BCB9C61028}.AppStore|iPhoneSimulator.Build.0 = AppStore|iPhoneSimulator
		{31D9A40C-7C63-4C43-87ED-48BCB9C61028}.Debug|Any CPU.ActiveCfg = Debug|iPhone
		{31D9A40C-7C63-4C43-87ED-48BCB9C61028}.Debug|iPhone.ActiveCfg = Debug|iPhone
		{31D9A40C-7C63-4C43-87ED-48BCB9C61028}.Debug|iPhone.Build.0 = Debug|iPhone
		{31D9A40C-7C63-4C43-87ED-48BCB9C61028}.Debug|iPhoneSimulator.ActiveCfg = Debug|iPhoneSimulator
		{31D9A40C-7C63-4C43-87ED-48BCB9C61028}.Debug|iPhoneSimulator.Build.0 = Debug|iPhoneSimulator
		{31D9A40C-7C63-4C43-87ED-48BCB9C61028}.Release|Any CPU.ActiveCfg = Release|iPhone
		{31D9A40C-7C63-4C43-87ED-48BCB9C61028}.Release|iPhone.ActiveCfg = Release|iPhone
		{31D9A40C-7C63-4C43-87ED-48BCB9C61028}.Release|iPhone.Build.0 = Release|iPhone
		{31D9A40C-7C63-4C43-87ED-48BCB9C61028}.Release|iPhoneSimulator.ActiveCfg = Release|iPhoneSimulator
		{31D9A40C-7C63-4C43-87ED-48BCB9C61028}.Release|iPhoneSimulator.Build.0 = Release|iPhoneSimulator
	EndGlobalSection
	GlobalSection(SolutionProperties) = preSolution
		HideSolutionNode = FALSE
	EndGlobalSection
EndGlobal
